<?xml version="1.0" encoding="utf-8"?>
<Project ToolsVersion="17.0" xmlns="http://schemas.microsoft.com/developer/msbuild/2003">
  <ItemGroup>
    <ClCompile Include="E:\Dev\HFTools\src\main.cpp">
      <Filter>Source Files</Filter>
    </ClCompile>
  </ItemGroup>
  <ItemGroup>
    <CustomBuild Include="E:\Dev\HFTools\CMakeLists.txt" />
  </ItemGroup>
  <ItemGroup>
    <Natvis Include="E:\Dev\HFTools\_deps\json-src\nlohmann_json.natvis" />
  </ItemGroup>
  <ItemGroup>
    <Filter Include="Source Files">
      <UniqueIdentifier>{B1AF6575-795A-3A60-AC4F-912626EE0FBE}</UniqueIdentifier>
    </Filter>
  </ItemGroup>
</Project>
